
Microsoft Visual Studio Solution File, Format Version 12.00
# Visual Studio Version 17
VisualStudioVersion = 17.8.34511.84
MinimumVisualStudioVersion = 10.0.40219.1
Project("{FAE04EC0-301F-11D3-BF4B-00C04F79EFBC}") = "WindowsFormsAppHomework3Sp", "WindowsFormsAppHomework3Sp.csproj", "{57A0A537-D63B-44F4-88D4-1CC1439AACF2}"
EndProject
Global
	GlobalSection(SolutionConfigurationPlatforms) = preSolution
		Debug|Any CPU = Debug|Any CPU
		Release|Any CPU = Release|Any CPU
	EndGlobalSection
	GlobalSection(ProjectConfigurationPlatforms) = postSolution
		{57A0A537-D63B-44F4-88D4-1CC1439AACF2}.Debug|Any CPU.ActiveCfg = Debug|Any CPU
		{57A0A537-D63B-44F4-88D4-1CC1439AACF2}.Debug|Any CPU.Build.0 = Debug|Any CPU
		{57A0A537-D63B-44F4-88D4-1CC1439AACF2}.Release|Any CPU.ActiveCfg = Release|Any CPU
		{57A0A537-D63B-44F4-88D4-1CC1439AACF2}.Release|Any CPU.Build.0 = Release|Any CPU
	EndGlobalSection
	GlobalSection(SolutionProperties) = preSolution
		HideSolutionNode = FALSE
	EndGlobalSection
	GlobalSection(ExtensibilityGlobals) = postSolution
		SolutionGuid = {8A4343F2-A870-404F-BA4D-BCDAC095C71B}
	EndGlobalSection
EndGlobal
